// !$*UTF8*$!
{
	archiveVersion = 1;
	classes = {
	};
	objectVersion = 56;
	objects = {

/* Begin PBXBuildFile section */
		35D92C6F2A10D6E800513EDE /* AppDelegate.swift in Sources */ = {isa = PBXBuildFile; fileRef = 35D92C6E2A10D6E800513EDE /* AppDelegate.swift */; };
		35D92C712A10D6E800513EDE /* SceneDelegate.swift in Sources */ = {isa = PBXBuildFile; fileRef = 35D92C702A10D6E800513EDE /* SceneDelegate.swift */; };
		35D92C732A10D6E800513EDE /* ViewController.swift in Sources */ = {isa = PBXBuildFile; fileRef = 35D92C722A10D6E800513EDE /* ViewController.swift */; };
		35D92C762A10D6E800513EDE /* Main.storyboard in Resources */ = {isa = PBXBuildFile; fileRef = 35D92C742A10D6E800513EDE /* Main.storyboard */; };
		35D92C782A10D6EB00513EDE /* Assets.xcassets in Resources */ = {isa = PBXBuildFile; fileRef = 35D92C772A10D6EB00513EDE /* Assets.xcassets */; };
		35D92C7B2A10D6EB00513EDE /* LaunchScreen.storyboard in Resources */ = {isa = PBXBuildFile; fileRef = 35D92C792A10D6EB00513EDE /* LaunchScreen.storyboard */; };
		6F8567AF6CC847933871D225 /* libPods-step5.a in Frameworks */ = {isa = PBXBuildFile; fileRef = F8435533C6385E74A16FE6C4 /* libPods-step5.a */; };
/* End PBXBuildFile section */

/* Begin PBXFileReference section */
		35D92C6B2A10D6E800513EDE /* step5.app */ = {isa = PBXFileReference; explicitFileType = wrapper.application; includeInIndex = 0; path = step5.app; sourceTree = BUILT_PRODUCTS_DIR; };
		35D92C6E2A10D6E800513EDE /* AppDelegate.swift */ = {isa = PBXFileReference; lastKnownFileType = sourcecode.swift; path = AppDelegate.swift; sourceTree = "<group>"; };
		35D92C702A10D6E800513EDE /* SceneDelegate.swift */ = {isa = PBXFileReference; lastKnownFileType = sourcecode.swift; path = SceneDelegate.swift; sourceTree = "<group>"; };
		35D92C722A10D6E800513EDE /* ViewController.swift */ = {isa = PBXFileReference; lastKnownFileType = sourcecode.swift; path = ViewController.swift; sourceTree = "<group>"; };
		35D92C752A10D6E800513EDE /* Base */ = {isa = PBXFileReference; lastKnownFileType = file.storyboard; name = Base; path = Base.lproj/Main.storyboard; sourceTree = "<group>"; };
		35D92C772A10D6EB00513EDE /* Assets.xcassets */ = {isa = PBXFileReference; lastKnownFileType = folder.assetcatalog; path = Assets.xcassets; sourceTree = "<group>"; };
		35D92C7A2A10D6EB00513EDE /* Base */ = {isa = PBXFileReference; lastKnownFileType = file.storyboard; name = Base; path = Base.lproj/LaunchScreen.storyboard; sourceTree = "<group>"; };
		35D92C7C2A10D6EB00513EDE /* Info.plist */ = {isa = PBXFileReference; lastKnownFileType = text.plist.xml; path = Info.plist; sourceTree = "<group>"; };
		A55CBA7041DBAC53B0ABAE71 /* Pods-step5.debug.xcconfig */ = {isa = PBXFileReference; includeInIndex = 1; lastKnownFileType = text.xcconfig; name = "Pods-step5.debug.xcconfig"; path = "Target Support Files/Pods-step5/Pods-step5.debug.xcconfig"; sourceTree = "<group>"; };
		BD68206CFA69B61CB949193B /* Pods-step5.release.xcconfig */ = {isa = PBXFileReference; includeInIndex = 1; lastKnownFileType = text.xcconfig; name = "Pods-step5.release.xcconfig"; path = "Target Support Files/Pods-step5/Pods-step5.release.xcconfig"; sourceTree = "<group>"; };
		F8435533C6385E74A16FE6C4 /* libPods-step5.a */ = {isa = PBXFileReference; explicitFileType = archive.ar; includeInIndex = 0; path = "libPods-step5.a"; sourceTree = BUILT_PRODUCTS_DIR; };
/* End PBXFileReference section */

/* Begin PBXFrameworksBuildPhase section */
		35D92C682A10D6E800513EDE /* Frameworks */ = {
			isa = PBXFrameworksBuildPhase;
			buildActionMask = 2147483647;
			files = (
				6F8567AF6CC847933871D225 /* libPods-step5.a in Frameworks */,
			);
			runOnlyForDeploymentPostprocessing = 0;
		};
/* End PBXFrameworksBuildPhase section */

/* Begin PBXGroup section */
		1705488DA7454F8102D9E646 /* Frameworks */ = {
			isa = PBXGroup;
			children = (
				F8435533C6385E74A16FE6C4 /* libPods-step5.a */,
			);
			name = Frameworks;
			sourceTree = "<group>";
		};
		35D92C622A10D6E800513EDE = {
			isa = PBXGroup;
			children = (
				35D92C6D2A10D6E800513EDE /* step5 */,
				35D92C6C2A10D6E800513EDE /* Products */,
				A97D877DC3080879AA4E22D0 /* Pods */,
				1705488DA7454F8102D9E646 /* Frameworks */,
			);
			sourceTree = "<group>";
		};
		35D92C6C2A10D6E800513EDE /* Products */ = {
			isa = PBXGroup;
			children = (
				35D92C6B2A10D6E800513EDE /* step5.app */,
			);
			name = Products;
			sourceTree = "<group>";
		};
		35D92C6D2A10D6E800513EDE /* step5 */ = {
			isa = PBXGroup;
			children = (
				35D92C6E2A10D6E800513EDE /* AppDelegate.swift */,
				35D92C702A10D6E800513EDE /* SceneDelegate.swift */,
				35D92C722A10D6E800513EDE /* ViewController.swift */,
				35D92C742A10D6E800513EDE /* Main.storyboard */,
				35D92C772A10D6EB00513EDE /* Assets.xcassets */,
				35D92C792A10D6EB00513EDE /* LaunchScreen.storyboard */,
				35D92C7C2A10D6EB00513EDE /* Info.plist */,
			);
			path = step5;
			sourceTree = "<group>";
		};
		A97D877DC3080879AA4E22D0 /* Pods */ = {
			isa = PBXGroup;
			children = (
				A55CBA7041DBAC53B0ABAE71 /* Pods-step5.debug.xcconfig */,
				BD68206CFA69B61CB949193B /* Pods-step5.release.xcconfig */,
			);
			name = Pods;
			path = Pods;
			sourceTree = "<group>";
		};
/* End PBXGroup section */

/* Begin PBXNativeTarget section */
		35D92C6A2A10D6E800513EDE /* step5 */ = {
			isa = PBXNativeTarget;
			buildConfigurationList = 35D92C7F2A10D6EB00513EDE /* Build configuration list for PBXNativeTarget "step5" */;
			buildPhases = (
				2F9936F861E06F893129BEA8 /* [CP] Check Pods Manifest.lock */,
				35D92C672A10D6E800513EDE /* Sources */,
				35D92C682A10D6E800513EDE /* Frameworks */,
				35D92C692A10D6E800513EDE /* Resources */,
			);
			buildRules = (
			);
			dependencies = (
			);
			name = step5;
			productName = step5;
			productReference = 35D92C6B2A10D6E800513EDE /* step5.app */;
			productType = "com.apple.product-type.application";
		};
/* End PBXNativeTarget section */

/* Begin PBXProject section */
		35D92C632A10D6E800513EDE /* Project object */ = {
			isa = PBXProject;
			attributes = {
				BuildIndependentTargetsInParallel = 1;
				LastSwiftUpdateCheck = 1410;
				LastUpgradeCheck = 1410;
				TargetAttributes = {
					35D92C6A2A10D6E800513EDE = {
						CreatedOnToolsVersion = 14.1;
					};
				};
			};
			buildConfigurationList = 35D92C662A10D6E800513EDE /* Build configuration list for PBXProject "step5" */;
			compatibilityVersion = "Xcode 14.0";
			developmentRegion = en;
			hasScannedForEncodings = 0;
			knownRegions = (
				en,
				Base,
			);
			mainGroup = 35D92C622A10D6E800513EDE;
			productRefGroup = 35D92C6C2A10D6E800513EDE /* Products */;
			projectDirPath = "";
			projectRoot = "";
			targets = (
				35D92C6A2A10D6E800513EDE /* step5 */,
			);
		};
/* End PBXProject section */

/* Begin PBXResourcesBuildPhase section */
		35D92C692A10D6E800513EDE /* Resources */ = {
			isa = PBXResourcesBuildPhase;
			buildActionMask = 2147483647;
			files = (
				35D92C7B2A10D6EB00513EDE /* LaunchScreen.storyboard in Resources */,
				35D92C782A10D6EB00513EDE /* Assets.xcassets in Resources */,
				35D92C762A10D6E800513EDE /* Main.storyboard in Resources */,
			);
			runOnlyForDeploymentPostprocessing = 0;
		};
/* End PBXResourcesBuildPhase section */

/* Begin PBXShellScriptBuildPhase section */
		2F9936F861E06F893129BEA8 /* [CP] Check Pods Manifest.lock */ = {
			isa = PBXShellScriptBuildPhase;
			buildActionMask = 2147483647;
			files = (
			);
			inputFileListPaths = (
			);
			inputPaths = (
				"${PODS_PODFILE_DIR_PATH}/Podfile.lock",
				"${PODS_ROOT}/Manifest.lock",
			);
			name = "[CP] Check Pods Manifest.lock";
			outputFileListPaths = (
			);
			outputPaths = (
				"$(DERIVED_FILE_DIR)/Pods-step5-checkManifestLockResult.txt",
			);
			runOnlyForDeploymentPostprocessing = 0;
			shellPath = /bin/sh;
			shellScript = "diff \"${PODS_PODFILE_DIR_PATH}/Podfile.lock\" \"${PODS_ROOT}/Manifest.lock\" > /dev/null\nif [ $? != 0 ] ; then\n    # print error to STDERR\n    echo \"error: The sandbox is not in sync with the Podfile.lock. Run 'pod install' or update your CocoaPods installation.\" >&2\n    exit 1\nfi\n# This output is used by Xcode 'outputs' to avoid re-running this script phase.\necho \"SUCCESS\" > \"${SCRIPT_OUTPUT_FILE_0}\"\n";
			showEnvVarsInLog = 0;
		};
/* End PBXShellScriptBuildPhase section */

/* Begin PBXSourcesBuildPhase section */
		35D92C672A10D6E800513EDE /* Sources */ = {
			isa = PBXSourcesBuildPhase;
			buildActionMask = 2147483647;
			files = (
				35D92C732A10D6E800513EDE /* ViewController.swift in Sources */,
				35D92C6F2A10D6E800513EDE /* AppDelegate.swift in Sources */,
				35D92C712A10D6E800513EDE /* SceneDelegate.swift in Sources */,
			);
			runOnlyForDeploymentPostprocessing = 0;
		};
/* End PBXSourcesBuildPhase section */

/* Begin PBXVariantGroup section */
		35D92C742A10D6E800513EDE /* Main.storyboard */ = {
			isa = PBXVariantGroup;
			children = (
				35D92C752A10D6E800513EDE /* Base */,
			);
			name = Main.storyboard;
			sourceTree = "<group>";
		};
		35D92C792A10D6EB00513EDE /* LaunchScreen.storyboard */ = {
			isa = PBXVariantGroup;
			children = (
				35D92C7A2A10D6EB00513EDE /* Base */,
			);
			name = LaunchScreen.storyboard;
			sourceTree = "<group>";
		};
/* End PBXVariantGroup section */

/* Begin XCBuildConfiguration section */
		35D92C7D2A10D6EB00513EDE /* Debug */ = {
			isa = XCBuildConfiguration;
			buildSettings = {
				ALWAYS_SEARCH_USER_PATHS = NO;
				CLANG_ANALYZER_NONNULL = YES;
				CLANG_ANALYZER_NUMBER_OBJECT_CONVERSION = YES_AGGRESSIVE;
				CLANG_CXX_LANGUAGE_STANDARD = "gnu++20";
				CLANG_ENABLE_MODULES = YES;
				CLANG_ENABLE_OBJC_ARC = YES;
				CLANG_ENABLE_OBJC_WEAK = YES;
				CLANG_WARN_BLOCK_CAPTURE_AUTORELEASING = YES;
				CLANG_WARN_BOOL_CONVERSION = YES;
				CLANG_WARN_COMMA = YES;
				CLANG_WARN_CONSTANT_CONVERSION = YES;
				CLANG_WARN_DEPRECATED_OBJC_IMPLEMENTATIONS = YES;
				CLANG_WARN_DIRECT_OBJC_ISA_USAGE = YES_ERROR;
				CLANG_WARN_DOCUMENTATION_COMMENTS = YES;
				CLANG_WARN_EMPTY_BODY = YES;
				CLANG_WARN_ENUM_CONVERSION = YES;
				CLANG_WARN_INFINITE_RECURSION = YES;
				CLANG_WARN_INT_CONVERSION = YES;
				CLANG_WARN_NON_LITERAL_NULL_CONVERSION = YES;
				CLANG_WARN_OBJC_IMPLICIT_RETAIN_SELF = YES;
				CLANG_WARN_OBJC_LITERAL_CONVERSION = YES;
				CLANG_WARN_OBJC_ROOT_CLASS = YES_ERROR;
				CLANG_WARN_QUOTED_INCLUDE_IN_FRAMEWORK_HEADER = YES;
				CLANG_WARN_RANGE_LOOP_ANALYSIS = YES;
				CLANG_WARN_STRICT_PROTOTYPES = YES;
				CLANG_WARN_SUSPICIOUS_MOVE = YES;
				CLANG_WARN_UNGUARDED_AVAILABILITY = YES_AGGRESSIVE;
				CLANG_WARN_UNREACHABLE_CODE = YES;
				CLANG_WARN__DUPLICATE_METHOD_MATCH = YES;
				COPY_PHASE_STRIP = NO;
				DEBUG_INFORMATION_FORMAT = dwarf;
				ENABLE_STRICT_OBJC_MSGSEND = YES;
				ENABLE_TESTABILITY = YES;
				GCC_C_LANGUAGE_STANDARD = gnu11;
				GCC_DYNAMIC_NO_PIC = NO;
				GCC_NO_COMMON_BLOCKS = YES;
				GCC_OPTIMIZATION_LEVEL = 0;
				GCC_PREPROCESSOR_DEFINITIONS = (
					"DEBUG=1",
					"$(inherited)",
				);
				GCC_WARN_64_TO_32_BIT_CONVERSION = YES;
				GCC_WARN_ABOUT_RETURN_TYPE = YES_ERROR;
				GCC_WARN_UNDECLARED_SELECTOR = YES;
				GCC_WARN_UNINITIALIZED_AUTOS = YES_AGGRESSIVE;
				GCC_WARN_UNUSED_FUNCTION = YES;
				GCC_WARN_UNUSED_VARIABLE = YES;
				IPHONEOS_DEPLOYMENT_TARGET = 16.1;
				MTL_ENABLE_DEBUG_INFO = INCLUDE_SOURCE;
				MTL_FAST_MATH = YES;
				ONLY_ACTIVE_ARCH = YES;
				SDKROOT = iphoneos;
				SWIFT_ACTIVE_COMPILATION_CONDITIONS = DEBUG;
				SWIFT_OPTIMIZATION_LEVEL = "-Onone";
			};
			name = Debug;
		};
		35D92C7E2A10D6EB00513EDE /* Release */ = {
			isa = XCBuildConfiguration;
			buildSettings = {
				ALWAYS_SEARCH_USER_PATHS = NO;
				CLANG_ANALYZER_NONNULL = YES;
				CLANG_ANALYZER_NUMBER_OBJECT_CONVERSION = YES_AGGRESSIVE;
				CLANG_CXX_LANGUAGE_STANDARD = "gnu++20";
				CLANG_ENABLE_MODULES = YES;
				CLANG_ENABLE_OBJC_ARC = YES;
				CLANG_ENABLE_OBJC_WEAK = YES;
				CLANG_WARN_BLOCK_CAPTURE_AUTORELEASING = YES;
				CLANG_WARN_BOOL_CONVERSION = YES;
				CLANG_WARN_COMMA = YES;
				CLANG_WARN_CONSTANT_CONVERSION = YES;
				CLANG_WARN_DEPRECATED_OBJC_IMPLEMENTATIONS = YES;
				CLANG_WARN_DIRECT_OBJC_ISA_USAGE = YES_ERROR;
				CLANG_WARN_DOCUMENTATION_COMMENTS = YES;
				CLANG_WARN_EMPTY_BODY = YES;
				CLANG_WARN_ENUM_CONVERSION = YES;
				CLANG_WARN_INFINITE_RECURSION = YES;
				CLANG_WARN_INT_CONVERSION = YES;
				CLANG_WARN_NON_LITERAL_NULL_CONVERSION = YES;
				CLANG_WARN_OBJC_IMPLICIT_RETAIN_SELF = YES;
				CLANG_WARN_OBJC_LITERAL_CONVERSION = YES;
				CLANG_WARN_OBJC_ROOT_CLASS = YES_ERROR;
				CLANG_WARN_QUOTED_INCLUDE_IN_FRAMEWORK_HEADER = YES;
				CLANG_WARN_RANGE_LOOP_ANALYSIS = YES;
				CLANG_WARN_STRICT_PROTOTYPES = YES;
				CLANG_WARN_SUSPICIOUS_MOVE = YES;
				CLANG_WARN_UNGUARDED_AVAILABILITY = YES_AGGRESSIVE;
				CLANG_WARN_UNREACHABLE_CODE = YES;
				CLANG_WARN__DUPLICATE_METHOD_MATCH = YES;
				COPY_PHASE_STRIP = NO;
				DEBUG_INFORMATION_FORMAT = "dwarf-with-dsym";
				ENABLE_NS_ASSERTIONS = NO;
				ENABLE_STRICT_OBJC_MSGSEND = YES;
				GCC_C_LANGUAGE_STANDARD = gnu11;
				GCC_NO_COMMON_BLOCKS = YES;
				GCC_WARN_64_TO_32_BIT_CONVERSION = YES;
				GCC_WARN_ABOUT_RETURN_TYPE = YES_ERROR;
				GCC_WARN_UNDECLARED_SELECTOR = YES;
				GCC_WARN_UNINITIALIZED_AUTOS = YES_AGGRESSIVE;
				GCC_WARN_UNUSED_FUNCTION = YES;
				GCC_WARN_UNUSED_VARIABLE = YES;
				IPHONEOS_DEPLOYMENT_TARGET = 16.1;
				MTL_ENABLE_DEBUG_INFO = NO;
				MTL_FAST_MATH = YES;
				SDKROOT = iphoneos;
				SWIFT_COMPILATION_MODE = wholemodule;
				SWIFT_OPTIMIZATION_LEVEL = "-O";
				VALIDATE_PRODUCT = YES;
			};
			name = Release;
		};
		35D92C802A10D6EB00513EDE /* Debug */ = {
			isa = XCBuildConfiguration;
			baseConfigurationReference = A55CBA7041DBAC53B0ABAE71 /* Pods-step5.debug.xcconfig */;
			buildSettings = {
				ASSETCATALOG_COMPILER_APPICON_NAME = AppIcon;
				ASSETCATALOG_COMPILER_GLOBAL_ACCENT_COLOR_NAME = AccentColor;
				CODE_SIGN_STYLE = Automatic;
				CURRENT_PROJECT_VERSION = 1;
				DEVELOPMENT_TEAM = R37S426U66;
				GENERATE_INFOPLIST_FILE = YES;
				INFOPLIST_FILE = step5/Info.plist;
				INFOPLIST_KEY_UIApplicationSupportsIndirectInputEvents = YES;
				INFOPLIST_KEY_UILaunchStoryboardName = LaunchScreen;
				INFOPLIST_KEY_UIMainStoryboardFile = Main;
				INFOPLIST_KEY_UISupportedInterfaceOrientations_iPad = "UIInterfaceOrientationPortrait UIInterfaceOrientationPortraitUpsideDown UIInterfaceOrientationLandscapeLeft UIInterfaceOrientationLandscapeRight";
				INFOPLIST_KEY_UISupportedInterfaceOrientations_iPhone = "UIInterfaceOrientationPortrait UIInterfaceOrientationLandscapeLeft UIInterfaceOrientationLandscapeRight";
				LD_RUNPATH_SEARCH_PATHS = (
					"$(inherited)",
					"@executable_path/Frameworks",
				);
				MARKETING_VERSION = 1.0;
				PRODUCT_BUNDLE_IDENTIFIER = volnikov.step5;
				PRODUCT_NAME = "$(TARGET_NAME)";
				SWIFT_EMIT_LOC_STRINGS = YES;
				SWIFT_VERSION = 5.0;
				TARGETED_DEVICE_FAMILY = "1,2";
			};
			name = Debug;
		};
		35D92C812A10D6EB00513EDE /* Release */ = {
			isa = XCBuildConfiguration;
			baseConfigurationReference = BD68206CFA69B61CB949193B /* Pods-step5.release.xcconfig */;
			buildSettings = {
				ASSETCATALOG_COMPILER_APPICON_NAME = AppIcon;
				ASSETCATALOG_COMPILER_GLOBAL_ACCENT_COLOR_NAME = AccentColor;
				CODE_SIGN_STYLE = Automatic;
				CURRENT_PROJECT_VERSION = 1;
				DEVELOPMENT_TEAM = R37S426U66;
				GENERATE_INFOPLIST_FILE = YES;
				INFOPLIST_FILE = step5/Info.plist;
				INFOPLIST_KEY_UIApplicationSupportsIndirectInputEvents = YES;
				INFOPLIST_KEY_UILaunchStoryboardName = LaunchScreen;
				INFOPLIST_KEY_UIMainStoryboardFile = Main;
				INFOPLIST_KEY_UISupportedInterfaceOrientations_iPad = "UIInterfaceOrientationPortrait UIInterfaceOrientationPortraitUpsideDown UIInterfaceOrientationLandscapeLeft UIInterfaceOrientationLandscapeRight";
				INFOPLIST_KEY_UISupportedInterfaceOrientations_iPhone = "UIInterfaceOrientationPortrait UIInterfaceOrientationLandscapeLeft UIInterfaceOrientationLandscapeRight";
				LD_RUNPATH_SEARCH_PATHS = (
					"$(inherited)",
					"@executable_path/Frameworks",
				);
				MARKETING_VERSION = 1.0;
				PRODUCT_BUNDLE_IDENTIFIER = volnikov.step5;
				PRODUCT_NAME = "$(TARGET_NAME)";
				SWIFT_EMIT_LOC_STRINGS = YES;
				SWIFT_VERSION = 5.0;
				TARGETED_DEVICE_FAMILY = "1,2";
			};
			name = Release;
		};
/* End XCBuildConfiguration section */

/* Begin XCConfigurationList section */
		35D92C662A10D6E800513EDE /* Build configuration list for PBXProject "step5" */ = {
			isa = XCConfigurationList;
			buildConfigurations = (
				35D92C7D2A10D6EB00513EDE /* Debug */,
				35D92C7E2A10D6EB00513EDE /* Release */,
			);
			defaultConfigurationIsVisible = 0;
			defaultConfigurationName = Release;
		};
		35D92C7F2A10D6EB00513EDE /* Build configuration list for PBXNativeTarget "step5" */ = {
			isa = XCConfigurationList;
			buildConfigurations = (
				35D92C802A10D6EB00513EDE /* Debug */,
				35D92C812A10D6EB00513EDE /* Release */,
			);
			defaultConfigurationIsVisible = 0;
			defaultConfigurationName = Release;
		};
/* End XCConfigurationList section */
	};
	rootObject = 35D92C632A10D6E800513EDE /* Project object */;
}
